# This file was autogenerated by Stack.
# You should not edit this file by hand.
# For more information, please see the documentation at:
#   https://docs.haskellstack.org/en/stable/lock_files

packages:
- completed:
    hackage: chassis-0.0.5.0@sha256:45b5d071c857f4c980d6fb143bbc9dcd596afb1f812f2759b7d23479b045c145,1018
    pantry-tree:
      size: 260
      sha256: 25edeaab6a1097cac0729cf4c759483e7b086565243df62ebe129ea6126bf7e3
  original:
    hackage: chassis-0.0.5.0
- completed:
    hackage: co-log-core-0.2.1.1@sha256:1209cb589cf431c640f79d63b38b6cc8912a9f8397502b8c13e0959b13212bd6,3574
    pantry-tree:
      size: 584
      sha256: f893bd4a8cc16ca1fdd1f6dedefd2239d261c0f926eafb444d01364d5898a0e2
  original:
    hackage: co-log-core-0.2.1.1
- completed:
    hackage: co-log-polysemy-0.0.1.2@sha256:a6ea6103f5ca806dc16bcdbb666ee2ebafdbbf36a9626f33103105a41a55d561,3645
    pantry-tree:
      size: 400
      sha256: 56ddcbaf126c9e557d7e1336c6d1a9044567676dcdbc24fab34907d9a5725f73
  original:
    hackage: co-log-polysemy-0.0.1.2
- completed:
    name: composite-dhall
    version: 0.0.1.0
    git: https://gitlab.com/homotopic-tech/composite-dhall
    pantry-tree:
      size: 482
      sha256: 90f56631ea9d71731d349665b33d4f2f90579005bfdbafedf21d4ab2d896030a
    commit: fd734ba696e59af2e10bbc848d3f815b318c79b8
  original:
    git: https://gitlab.com/homotopic-tech/composite-dhall
    commit: fd734ba696e59af2e10bbc848d3f815b318c79b8
- completed:
    name: co-log-polysemy-formatting
    version: 0.1.1.0
    git: https://github.com/locallycompact/co-log-polysemy-formatting
    pantry-tree:
      size: 1361
      sha256: a769cd125c00e6fe727db9033fba029a7a3312fa32c04205831bb766dea9ef0c
    commit: 7a038aebd72747a4925492e46b131b7cb08dc977
  original:
    git: https://github.com/locallycompact/co-log-polysemy-formatting
    commit: 7a038aebd72747a4925492e46b131b7cb08dc977
- completed:
    subdir: composite-aeson
    name: composite-aeson
    version: 0.7.5.0
    git: https://github.com/locallycompact/composite
    pantry-tree:
      size: 1507
      sha256: 62eec088c8fa3726fd2fb326c8847329a8146fcccd07dc8df12584e00bcc0edd
    commit: 5644183439960e63d06ef8ec5e85c25356c6b1fc
  original:
    subdir: composite-aeson
    git: https://github.com/locallycompact/composite
    commit: 5644183439960e63d06ef8ec5e85c25356c6b1fc
- completed:
    subdir: composite-base
    name: composite-base
    version: 0.7.5.0
    git: https://github.com/locallycompact/composite
    pantry-tree:
      size: 708
      sha256: 8a544421edc54347fc80c43af4e3c5f238f610ef23c0d16852ca4ba9d59d3103
    commit: 5644183439960e63d06ef8ec5e85c25356c6b1fc
  original:
    subdir: composite-base
    git: https://github.com/locallycompact/composite
    commit: 5644183439960e63d06ef8ec5e85c25356c6b1fc
- completed:
    hackage: path-dhall-instance-0.2.1.0@sha256:57820fdc8b8e60626c06a92bfabe970455db70a04b0b5b5cf43bfd20cb3ca030,803
    pantry-tree:
      size: 274
      sha256: 85601f4a63e8b2e243789009ac43b56fdf435f25ec1a505763e896457f942419
  original:
    hackage: path-dhall-instance-0.2.1.0
- completed:
    hackage: polysemy-extra-0.2.0.0@sha256:defa17e2caff09bf84a0b179296e3b2ce3104b8d9f6983e5699a2831f3d62419,1009
    pantry-tree:
      size: 274
      sha256: 7439f27493341bdfe035f5b8fe17a6e545c6efdc71f7ba6de42cc55082562372
  original:
    hackage: polysemy-extra-0.2.0.0@sha256:defa17e2caff09bf84a0b179296e3b2ce3104b8d9f6983e5699a2831f3d62419,1009
- completed:
    hackage: polysemy-fs-0.1.0.0@sha256:6027628e5009699e7948efc2b8320a2d5e3f0c9976587da82202d2418dfc604b,898
    pantry-tree:
      size: 267
      sha256: 06e6b8e30ae3a3a04b4aadaa2cbdc38a386dbcbf3253001e6ed5f7ac2ae15d73
  original:
    hackage: polysemy-fs-0.1.0.0@sha256:6027628e5009699e7948efc2b8320a2d5e3f0c9976587da82202d2418dfc604b,898
- completed:
    hackage: polysemy-kvstore-0.1.2.0@sha256:d7016144ed6bfce89d6df18af47cf18020574d286ec743b42c8e9be83097e1e5,985
    pantry-tree:
      size: 277
      sha256: 6252ed9e68edc61e30bccee1b14fcc14542d8131d8d06c59d7c74db5f5b8ccc5
  original:
    hackage: polysemy-kvstore-0.1.2.0@sha256:d7016144ed6bfce89d6df18af47cf18020574d286ec743b42c8e9be83097e1e5,985
- completed:
    hackage: polysemy-vinyl-0.1.5.0@sha256:934be410755f7345ab633f84cd7683db7929f18c5fe6b435bae1428c828d212f,1113
    pantry-tree:
      size: 273
      sha256: 32e0fb25bb82525ef554a3138a5f4388981abf471d0e3bfdcd65bce2da932809
  original:
    hackage: polysemy-vinyl-0.1.5.0@sha256:934be410755f7345ab633f84cd7683db7929f18c5fe6b435bae1428c828d212f,1113
- completed:
    hackage: polysemy-path-0.2.1.0@sha256:e17eac27a98783bd09b5cdfd7a28f8e98ce95357bfd03a7c6b2e2c9d8b823250,989
    pantry-tree:
      size: 270
      sha256: 453955f805c5b9366fcdde0f4af9a00cd9d030a7a40e523c4e9fc47fe1327753
  original:
    hackage: polysemy-path-0.2.1.0
- completed:
    hackage: polysemy-methodology-0.2.0.0@sha256:0c0ae50d0500e5be46e59dea27df1d815e242277d992fca5d14e67403ef60446,1059
    pantry-tree:
      size: 289
      sha256: 6806d8fa46c0cf3b4c92c0be9f0678bac0587aac1cf26fc53613bc7ef372c8af
  original:
    hackage: polysemy-methodology-0.2.0.0
- completed:
    hackage: polysemy-methodology-composite-0.1.4.0@sha256:f895925000f9050d75f896851cd55f6accfa4a5fafa47013b5edae6a2f87f503,1144
    pantry-tree:
      size: 307
      sha256: 1675181a1e6db5ff250b4f4c45c4919c0dd50b1cd69fe5bc3ea3aff20da6b047
  original:
    hackage: polysemy-methodology-composite-0.1.4.0
- completed:
    hackage: polysemy-several-0.1.0.0@sha256:7a4c612116d9ccc2b707d8b95e633c8937e6b018b990c1284fd1949887bfdc50,1029
    pantry-tree:
      size: 277
      sha256: 78913107148e709aeb2efc0d86c725087ddd91241bc5764b298829e917793c2e
  original:
    hackage: polysemy-several-0.1.0.0
- completed:
    name: techlab
    version: 0.1.2.0
    git: https://gitlab.com/homotopic-tech/techlab
    pantry-tree:
      size: 644
      sha256: 731f72fa6542359de1b8396bcf7b8fecd499e228662a20e1faf313eafbfbf8e2
    commit: 71b8b710b411230efac8493cb9214f12d3f68c7c
  original:
    git: https://gitlab.com/homotopic-tech/techlab
    commit: 71b8b710b411230efac8493cb9214f12d3f68c7c
- completed:
    name: sdl2-mixer
    version: 1.1.0
    git: https://github.com/locallycompact/sdl2-mixer
    pantry-tree:
      size: 886
      sha256: 23089df20ce66510c85271bd4e2590d08991aba9e9fb2dbafa36b3367eb8a578
    commit: 0c13ee0d06edd76fa5c19c46b7b9a3b9fc9889d3
  original:
    git: https://github.com/locallycompact/sdl2-mixer
    commit: 0c13ee0d06edd76fa5c19c46b7b9a3b9fc9889d3
- completed:
    hackage: unliftio-path-0.0.2.0@sha256:cf4b02640b99831004853e8fc9f9ff922514d08a24ea36e09e8e7a77b250bc80,787
    pantry-tree:
      size: 281
      sha256: 96fc899a5d4935c5eb8075e5f65a2c5eb046282ad9aac0fadcb3cbad9bdca164
  original:
    hackage: unliftio-path-0.0.2.0@sha256:cf4b02640b99831004853e8fc9f9ff922514d08a24ea36e09e8e7a77b250bc80,787
- completed:
    hackage: Yampa-0.13.1@sha256:4612a2646c27bcd3ac55c90dbc34249303e28aa5b3bc3e0c6fa9ce58b889843c,5436
    pantry-tree:
      size: 4039
      sha256: 2ebdfafc0143a66132e1f790fc3909c93654ee89fbe468574c5c2a36070dc6b3
  original:
    hackage: Yampa-0.13.1
snapshots:
- completed:
    size: 585817
    url: https://raw.githubusercontent.com/commercialhaskell/stackage-snapshots/master/lts/18/4.yaml
    sha256: ea3a318eafa9e9cc56bfbe46099fd0d54d32641ab7bbe1d182ed8f5de39f804c
  original: lts-18.4
